
Microsoft Visual Studio Solution File, Format Version 12.00
# Visual Studio Version 17
VisualStudioVersion = 17.7.34202.233
MinimumVisualStudioVersion = 10.0.40219.1
Project("{FAE04EC0-301F-11D3-BF4B-00C04F79EFBC}") = "Calculator", "Calculator\Calculator.csproj", "{5D26E71F-F80A-4655-BDF5-FD6A02747F0D}"
EndProject
Project("{FAE04EC0-301F-11D3-BF4B-00C04F79EFBC}") = "CalculatorUnitTests", "CalculatorUnitTests\CalculatorUnitTests.csproj", "{8BD9AF4A-5110-4A6C-B64A-50AAF5339004}"
EndProject
Project("{FAE04EC0-301F-11D3-BF4B-00C04F79EFBC}") = "namuUzduotisUnitTestai", "namuUzduotisUnitTestai\namuUzduotisUnitTestai.csproj", "{6963DA48-0A3F-4AB5-84F0-52E7498BA6BB}"
EndProject
Project("{FAE04EC0-301F-11D3-BF4B-00C04F79EFBC}") = "seleniumTestsWithoutPOM", "seleniumTestsWithoutPOM\seleniumTestsWithoutPOM.csproj", "{87FB0BD3-EC58-43B9-B633-4A9C46173B63}"
EndProject
Project("{FAE04EC0-301F-11D3-BF4B-00C04F79EFBC}") = "uzduotis18.1Atvejis", "Užduotis18SeleniumTestai\uzduotis18.1Atvejis.csproj", "{EBEB6DB9-FD5B-4CEA-9BF2-C33F79577AD4}"
EndProject
Global
	GlobalSection(SolutionConfigurationPlatforms) = preSolution
		Debug|Any CPU = Debug|Any CPU
		Release|Any CPU = Release|Any CPU
	EndGlobalSection
	GlobalSection(ProjectConfigurationPlatforms) = postSolution
		{5D26E71F-F80A-4655-BDF5-FD6A02747F0D}.Debug|Any CPU.ActiveCfg = Debug|Any CPU
		{5D26E71F-F80A-4655-BDF5-FD6A02747F0D}.Debug|Any CPU.Build.0 = Debug|Any CPU
		{5D26E71F-F80A-4655-BDF5-FD6A02747F0D}.Release|Any CPU.ActiveCfg = Release|Any CPU
		{5D26E71F-F80A-4655-BDF5-FD6A02747F0D}.Release|Any CPU.Build.0 = Release|Any CPU
		{8BD9AF4A-5110-4A6C-B64A-50AAF5339004}.Debug|Any CPU.ActiveCfg = Debug|Any CPU
		{8BD9AF4A-5110-4A6C-B64A-50AAF5339004}.Debug|Any CPU.Build.0 = Debug|Any CPU
		{8BD9AF4A-5110-4A6C-B64A-50AAF5339004}.Release|Any CPU.ActiveCfg = Release|Any CPU
		{8BD9AF4A-5110-4A6C-B64A-50AAF5339004}.Release|Any CPU.Build.0 = Release|Any CPU
		{6963DA48-0A3F-4AB5-84F0-52E7498BA6BB}.Debug|Any CPU.ActiveCfg = Debug|Any CPU
		{6963DA48-0A3F-4AB5-84F0-52E7498BA6BB}.Debug|Any CPU.Build.0 = Debug|Any CPU
		{6963DA48-0A3F-4AB5-84F0-52E7498BA6BB}.Release|Any CPU.ActiveCfg = Release|Any CPU
		{6963DA48-0A3F-4AB5-84F0-52E7498BA6BB}.Release|Any CPU.Build.0 = Release|Any CPU
		{87FB0BD3-EC58-43B9-B633-4A9C46173B63}.Debug|Any CPU.ActiveCfg = Debug|Any CPU
		{87FB0BD3-EC58-43B9-B633-4A9C46173B63}.Debug|Any CPU.Build.0 = Debug|Any CPU
		{87FB0BD3-EC58-43B9-B633-4A9C46173B63}.Release|Any CPU.ActiveCfg = Release|Any CPU
		{87FB0BD3-EC58-43B9-B633-4A9C46173B63}.Release|Any CPU.Build.0 = Release|Any CPU
		{EBEB6DB9-FD5B-4CEA-9BF2-C33F79577AD4}.Debug|Any CPU.ActiveCfg = Debug|Any CPU
		{EBEB6DB9-FD5B-4CEA-9BF2-C33F79577AD4}.Debug|Any CPU.Build.0 = Debug|Any CPU
		{EBEB6DB9-FD5B-4CEA-9BF2-C33F79577AD4}.Release|Any CPU.ActiveCfg = Release|Any CPU
		{EBEB6DB9-FD5B-4CEA-9BF2-C33F79577AD4}.Release|Any CPU.Build.0 = Release|Any CPU
	EndGlobalSection
	GlobalSection(SolutionProperties) = preSolution
		HideSolutionNode = FALSE
	EndGlobalSection
	GlobalSection(ExtensibilityGlobals) = postSolution
		SolutionGuid = {4F2C9C8C-F6CA-4C73-93E9-BFFBF8343370}
	EndGlobalSection
EndGlobal
